
Microsoft Visual Studio Solution File, Format Version 12.00
# Visual Studio Version 16
VisualStudioVersion = 25.0.1706.0
MinimumVisualStudioVersion = 10.0.40219.1
Project("{FAE04EC0-301F-11D3-BF4B-00C04F79EFBC}") = "minimal-api", "minimal-api.csproj", "{0AB26729-6AA8-4441-A31D-70C4D78B7052}"
EndProject
Project("{FAE04EC0-301F-11D3-BF4B-00C04F79EFBC}") = "projekt2", "..\projekt2\projekt2.csproj", "{21C45AB8-4652-407E-A9A8-C66D562BEDCA}"
EndProject
Global
	GlobalSection(SolutionConfigurationPlatforms) = preSolution
		Debug|Any CPU = Debug|Any CPU
		Release|Any CPU = Release|Any CPU
	EndGlobalSection
	GlobalSection(ProjectConfigurationPlatforms) = postSolution
		{0AB26729-6AA8-4441-A31D-70C4D78B7052}.Debug|Any CPU.ActiveCfg = Debug|Any CPU
		{0AB26729-6AA8-4441-A31D-70C4D78B7052}.Debug|Any CPU.Build.0 = Debug|Any CPU
		{0AB26729-6AA8-4441-A31D-70C4D78B7052}.Release|Any CPU.ActiveCfg = Release|Any CPU
		{0AB26729-6AA8-4441-A31D-70C4D78B7052}.Release|Any CPU.Build.0 = Release|Any CPU
		{21C45AB8-4652-407E-A9A8-C66D562BEDCA}.Debug|Any CPU.ActiveCfg = Debug|Any CPU
		{21C45AB8-4652-407E-A9A8-C66D562BEDCA}.Debug|Any CPU.Build.0 = Debug|Any CPU
		{21C45AB8-4652-407E-A9A8-C66D562BEDCA}.Release|Any CPU.ActiveCfg = Release|Any CPU
		{21C45AB8-4652-407E-A9A8-C66D562BEDCA}.Release|Any CPU.Build.0 = Release|Any CPU
	EndGlobalSection
	GlobalSection(SolutionProperties) = preSolution
		HideSolutionNode = FALSE
	EndGlobalSection
	GlobalSection(ExtensibilityGlobals) = postSolution
		SolutionGuid = {5CCA1E13-55A1-4BE1-87E4-2D26AE1EDBC3}
	EndGlobalSection
EndGlobal
